{
  "name": "TO-DO LIST",
  "lockfileVersion": 3,
  "requires": true,
  "packages": {
    "": {
      "dependencies": {
        "@fontsource/onest": "^5.1.1"
      }
    },
    "node_modules/@fontsource/onest": {
      "version": "5.1.1",
      "resolved": "https://registry.npmjs.org/@fontsource/onest/-/onest-5.1.1.tgz",
      "integrity": "sha512-8rUQeJdn9JytGYc7AOBwuZpacjxk+ZvbvQcXECIn5ppgmbGDhOKHUZH9GelIFRXWNT2KWdO9GP4XM2EarWFTDA==",
      "license": "OFL-1.1"
    }
  }
}
